PODS:
  - FBSnapshotTestCase (2.1.0):
    - FBSnapshotTestCase/SwiftSupport (= 2.1.0)
  - FBSnapshotTestCase/Core (2.1.0)
  - FBSnapshotTestCase/SwiftSupport (2.1.0):
    - FBSnapshotTestCase/Core
  - Nimble (3.2.0)
  - Nimble-Snapshots (4.1.0):
    - FBSnapshotTestCase (~> 2.0)
    - Nimble
    - Quick
  - Quick (0.9.2)
  - TLTranstionLib-swift (0.0.4)

DEPENDENCIES:
  - FBSnapshotTestCase
  - Nimble (~> 3.0)
  - Nimble-Snapshots
  - Quick (~> 0.8)
  - TLTranstionLib-swift (from `../`)

EXTERNAL SOURCES:
  TLTranstionLib-swift:
    :path: ../

SPEC CHECKSUMS:
  FBSnapshotTestCase: 366ecd378511d7716c79991cd8067d1eed23578d
  Nimble: 703854335d181df169bbca9c97117b5cf8c47c1d
  Nimble-Snapshots: 2da4d2ec829b458d6886c06812c52493fce284c9
  Quick: 18d057bc66451eedd5d1c8dc99ba2a5db6e60226
  TLTranstionLib-swift: c5775c3d0043c8aba7178baf776ddf5dfddd2d3e

COCOAPODS: 0.39.0
